Microsoft Visual Studio Solution File, Format Version 12.00
# Visual Studio Version 17
VisualStudioVersion = 17.5.2.0
MinimumVisualStudioVersion = 10.0.40219.1
Project("{FAE04EC0-301F-11D3-BF4B-00C04F79EFBC}") = "Act1-Semana18", "Act1-Semana18.csproj", "{9020C940-A9D9-7845-7BC4-5571531A7F54}"
EndProject
Global
	GlobalSection(SolutionConfigurationPlatforms) = preSolution
		Debug|Any CPU = Debug|Any CPU
		Release|Any CPU = Release|Any CPU
	EndGlobalSection
	GlobalSection(ProjectConfigurationPlatforms) = postSolution
		{9020C940-A9D9-7845-7BC4-5571531A7F54}.Debug|Any CPU.ActiveCfg = Debug|Any CPU
		{9020C940-A9D9-7845-7BC4-5571531A7F54}.Debug|Any CPU.Build.0 = Debug|Any CPU
		{9020C940-A9D9-7845-7BC4-5571531A7F54}.Release|Any CPU.ActiveCfg = Release|Any CPU
		{9020C940-A9D9-7845-7BC4-5571531A7F54}.Release|Any CPU.Build.0 = Release|Any CPU
	EndGlobalSection
	GlobalSection(SolutionProperties) = preSolution
		HideSolutionNode = FALSE
	EndGlobalSection
	GlobalSection(ExtensibilityGlobals) = postSolution
		SolutionGuid = {1F4F7E03-84E8-4334-A94C-D8944AD6FC85}
	EndGlobalSection
EndGlobal
